// !$*UTF8*$!
{
	archiveVersion = 1;
	classes = {
	};
	objectVersion = 90;
	objects = {

/* Begin PBXBuildFile section */
		C8003FA22EB42E72008DC812 /* SupabaseConfig.plist in Resources */ = {isa = PBXBuildFile; fileRef = C8003FA12EB42E72008DC812 /* SupabaseConfig.plist */; };
		C8003FAD2EB441F1008DC812 /* Supabase in Frameworks */ = {isa = PBXBuildFile; productRef = C8003FAC2EB441F1008DC812 /* Supabase */; };
		C8003FB52EB7FD57008DC812 /* Components.swift in Sources */ = {isa = PBXBuildFile; fileRef = C8003FB42EB7FC39008DC812 /* Components.swift */; };
		C8A2B3D52ED00003004D9348 /* ScheduleVisualizerView.swift in Sources */ = {isa = PBXBuildFile; fileRef = C8A2B3D52ED00003004D9347 /* ScheduleVisualizerView.swift */; };
		C82537732F2B12C300465343 /* CacheKey.swift in Sources */ = {isa = PBXBuildFile; fileRef = C82537702F2B12C300465343 /* CacheKey.swift */; };
		C82537742F2B12C300465343 /* CacheService.swift in Sources */ = {isa = PBXBuildFile; fileRef = C82537712F2B12C300465343 /* CacheService.swift */; };
		C82537752F2B12C300465343 /* CacheEntry.swift in Sources */ = {isa = PBXBuildFile; fileRef = C825376F2F2B12C300465343 /* CacheEntry.swift */; };
		C826BD3F2ECC23CB00B500DC /* Assets.xcassets in Resources */ = {isa = PBXBuildFile; fileRef = C826BD3E2ECC23CB00B500DC /* Assets.xcassets */; };
		C82D700E2EBE91D3004D9347 /* RehabService.swift in Sources */ = {isa = PBXBuildFile; fileRef = C82D700A2EBE91D3004D9347 /* RehabService.swift */; };
		C82D700F2EBE91D3004D9347 /* SupabaseService.swift in Sources */ = {isa = PBXBuildFile; fileRef = C82D700B2EBE91D3004D9347 /* SupabaseService.swift */; };
		C82D70102EBE91D3004D9347 /* LessonEngine.swift in Sources */ = {isa = PBXBuildFile; fileRef = C82D70092EBE91D3004D9347 /* LessonEngine.swift */; };
		C82D70112EBE91D3004D9347 /* TelemetryService.swift in Sources */ = {isa = PBXBuildFile; fileRef = C82D700C2EBE91D3004D9347 /* TelemetryService.swift */; };
		C82D70122EBE91D3004D9347 /* AuthService.swift in Sources */ = {isa = PBXBuildFile; fileRef = C82D70082EBE91D3004D9347 /* AuthService.swift */; };
		C82D70272EBEB10C004D9347 /* AuthViewModel.swift in Sources */ = {isa = PBXBuildFile; fileRef = C82D70222EBEB10C004D9347 /* AuthViewModel.swift */; };
		C82D70282EBEB10C004D9347 /* PatientDashboardViewModel.swift in Sources */ = {isa = PBXBuildFile; fileRef = C82D70242EBEB10C004D9347 /* PatientDashboardViewModel.swift */; };
		C82D70292EBEB10C004D9347 /* PTProgramEditorViewModel.swift in Sources */ = {isa = PBXBuildFile; fileRef = C82D70252EBEB10C004D9347 /* PTProgramEditorViewModel.swift */; };
		C82D702A2EBEB10C004D9347 /* LessonSessionViewModel.swift in Sources */ = {isa = PBXBuildFile; fileRef = C82D70232EBEB10C004D9347 /* LessonSessionViewModel.swift */; };
		C82D702C2ED00153004D9347 /* PatientService.swift in Sources */ = {isa = PBXBuildFile; fileRef = C82D702B2ED00153004D9347 /* PatientService.swift */; };
		C8A2B3D42ED00002004D9348 /* ScheduleService.swift in Sources */ = {isa = PBXBuildFile; fileRef = C8A2B3D42ED00002004D9347 /* ScheduleService.swift */; };
		C82D70302ED0841A004D9347 /* PatientPTViewModel.swift in Sources */ = {isa = PBXBuildFile; fileRef = C82D702F2ED0841A004D9347 /* PatientPTViewModel.swift */; };
		C82D70372ED09AC7004D9349 /* PTPatientsViewModel.swift in Sources */ = {isa = PBXBuildFile; fileRef = C82D70362ED09AC7004D9349 /* PTPatientsViewModel.swift */; };
		C82D70382ED09AC7004D9350 /* GenderMapper.swift in Sources */ = {isa = PBXBuildFile; fileRef = C82D70372ED09AC7004D9350 /* GenderMapper.swift */; };
		C82537802F2B12D400465343 /* PhaseHeaderPreferenceKey.swift in Sources */ = {isa = PBXBuildFile; fileRef = C82537812F2B12D400465343 /* PhaseHeaderPreferenceKey.swift */; };
		C82D70382ED0AB17004D9347 /* PTSettingsView.swift in Sources */ = {isa = PBXBuildFile; fileRef = C82D70372ED0AB17004D9347 /* PTSettingsView.swift */; };
		C82D703A2ED09AC7004D9351 /* JourneyMapViewModel.swift in Sources */ = {isa = PBXBuildFile; fileRef = C82D70392ED09AC7004D9351 /* JourneyMapViewModel.swift */; };
		C82D703C2ED0B4BE004D9347 /* PatientSettingsView.swift in Sources */ = {isa = PBXBuildFile; fileRef = C82D703B2ED0B4BE004D9347 /* PatientSettingsView.swift */; };
		C82D70402ED2F3B6004D9347 /* SessionContext.swift in Sources */ = {isa = PBXBuildFile; fileRef = C82D703F2ED2F3B6004D9347 /* SessionContext.swift */; };
		C82D70572EC15F90004D9347 /* PatientTabBar.swift in Sources */ = {isa = PBXBuildFile; fileRef = C82D70552EC15F90004D9347 /* PatientTabBar.swift */; };
		C82D70582EC15F90004D9347 /* PTTabBar.swift in Sources */ = {isa = PBXBuildFile; fileRef = C82D70562EC15F90004D9347 /* PTTabBar.swift */; };
		C8AEECB22EB2D7A200720184 /* PracticeSensorSimulator.swift in Sources */ = {isa = PBXBuildFile; fileRef = C8AEECAB2EB2D7A200720184 /* PracticeSensorSimulator.swift */; };
		C8AEECB32EB2D7A200720184 /* AllSetView.swift in Sources */ = {isa = PBXBuildFile; fileRef = C8AEEC9D2EB2D7A200720184 /* AllSetView.swift */; };
		C8AEECB42EB2D7A200720184 /* WelcomeView.swift in Sources */ = {isa = PBXBuildFile; fileRef = C8AEECAF2EB2D7A200720184 /* WelcomeView.swift */; };
		C8AEECB52EB2D7A200720184 /* ContentView.swift in Sources */ = {isa = PBXBuildFile; fileRef = C8AEECA22EB2D7A200720184 /* ContentView.swift */; };
		C8AEECB62EB2D7A200720184 /* SensorSample.swift in Sources */ = {isa = PBXBuildFile; fileRef = C8AEECAE2EB2D7A200720184 /* SensorSample.swift */; };
		C8AEECB72EB2D7A200720184 /* CreateAccount.swift in Sources */ = {isa = PBXBuildFile; fileRef = C8AEECA32EB2D7A200720184 /* CreateAccount.swift */; };
		C8AEECB82EB2D7A200720184 /* AppRouter.swift in Sources */ = {isa = PBXBuildFile; fileRef = C8AEEC9E2EB2D7A200720184 /* AppRouter.swift */; };
		C8AEECB92EB2D7A200720184 /* HomeSubCategoryView.swift in Sources */ = {isa = PBXBuildFile; fileRef = C8AEECA42EB2D7A200720184 /* HomeSubCategoryView.swift */; };
		C8AEECBA2EB2D7A200720184 /* RehabOverviewView.swift in Sources */ = {isa = PBXBuildFile; fileRef = C8AEECAD2EB2D7A200720184 /* RehabOverviewView.swift */; };
		C8AEECBB2EB2D7A200720184 /* JourneyMapView.swift in Sources */ = {isa = PBXBuildFile; fileRef = C8AEECA62EB2D7A200720184 /* JourneyMapView.swift */; };
		C8AEECBC2EB2D7A200720184 /* LessonView.swift in Sources */ = {isa = PBXBuildFile; fileRef = C8AEECA82EB2D7A200720184 /* LessonView.swift */; };
		C8AEECBF2EB2D7A200720184 /* CompletionView.swift in Sources */ = {isa = PBXBuildFile; fileRef = C8AEECA12EB2D7A200720184 /* CompletionView.swift */; };
		C8AEECC02EB2D7A200720184 /* HomeView.swift in Sources */ = {isa = PBXBuildFile; fileRef = C8AEECA52EB2D7A200720184 /* HomeView.swift */; };
		C8AEECC12EB2D7A200720184 /* RealRehabPracticeApp.swift in Sources */ = {isa = PBXBuildFile; fileRef = C8AEECAC2EB2D7A200720184 /* RealRehabPracticeApp.swift */; };
		C8AEECC22EB2D7A200720184 /* CalibrateDeviceView.swift in Sources */ = {isa = PBXBuildFile; fileRef = C8AEECA02EB2D7A200720184 /* CalibrateDeviceView.swift */; };
		C8AEECC32EB2D7A200720185 /* TestCalibrationView.swift in Sources */ = {isa = PBXBuildFile; fileRef = C8AEECA12EB2D7A200720185 /* TestCalibrationView.swift */; };
		C8AEECC62EB2D7A200720186 /* DirectionsView1.swift in Sources */ = {isa = PBXBuildFile; fileRef = C8AEECC42EB2D7A200720186 /* DirectionsView1.swift */; };
		C8AEECC72EB2D7A200720187 /* DirectionsView2.swift in Sources */ = {isa = PBXBuildFile; fileRef = C8AEECC52EB2D7A200720187 /* DirectionsView2.swift */; };
		C8AEECC92EB2D7A200720188 /* AssessmentView.swift in Sources */ = {isa = PBXBuildFile; fileRef = C8AEECC82EB2D7A200720188 /* AssessmentView.swift */; };
		C8D677BD2EB8285A00829144 /* PairDeviceView.swift in Sources */ = {isa = PBXBuildFile; fileRef = C8D677BC2EB8285A00829144 /* PairDeviceView.swift */; };
		C8D677BE2EB8285A00829146 /* TestPairDeviceView.swift in Sources */ = {isa = PBXBuildFile; fileRef = C8D677BC2EB8285A00829146 /* TestPairDeviceView.swift */; };
		C8D677C92EB839FC00829144 /* Theme.swift in Sources */ = {isa = PBXBuildFile; fileRef = C8D677C82EB839FC00829144 /* Theme.swift */; };
		C8D677D12EB97B4700829144 /* SchedulingModels.swift in Sources */ = {isa = PBXBuildFile; fileRef = C8D677D02EB97B4700829144 /* SchedulingModels.swift */; };
		C8D677F02EBA932000829144 /* InjurySelectView.swift in Sources */ = {isa = PBXBuildFile; fileRef = C8D677EB2EBA932000829144 /* InjurySelectView.swift */; };
		C8D677F12EBA932000829144 /* PatientListView.swift in Sources */ = {isa = PBXBuildFile; fileRef = C8D677EC2EBA932000829144 /* PatientListView.swift */; };
		C8D677F32EBA932000829144 /* CategorySelectView.swift in Sources */ = {isa = PBXBuildFile; fileRef = C8D677EA2EBA932000829144 /* CategorySelectView.swift */; };
		C8D677F62EBA9C0F00829144 /* PTJourneyMapView.swift in Sources */ = {isa = PBXBuildFile; fileRef = C8D677F52EBA9C0F00829144 /* PTJourneyMapView.swift */; };
		C8D677FE2EBAF71B00829144 /* PatientDetailView.swift in Sources */ = {isa = PBXBuildFile; fileRef = C8D677FD2EBAF71B00829144 /* PatientDetailView.swift */; };
		C8D678002EBB095E00829144 /* PTDetailView.swift in Sources */ = {isa = PBXBuildFile; fileRef = C8D677FF2EBB095E00829144 /* PTDetailView.swift */; };
		C8F4A7002ED2C79A00BADF02 /* BluetoothManager.swift in Sources */ = {isa = PBXBuildFile; fileRef = C8F4A7012ED2C79A00BADF02 /* BluetoothManager.swift */; };
		C8F4A8202ED2F3B500BADF02 /* PTService.swift in Sources */ = {isa = PBXBuildFile; fileRef = C8F4A8212ED2F3B500BADF02 /* PTService.swift */; };
		C8F4A8242ED2F3B500BADF02 /* PTCreateAccountView.swift in Sources */ = {isa = PBXBuildFile; fileRef = C8F4A8252ED2F3B500BADF02 /* PTCreateAccountView.swift */; };
		C8FF08ED2ED68CB6007FE9DC /* LaunchScreen.storyboard in Resources */ = {isa = PBXBuildFile; fileRef = C8FF08EB2ED68CB6007FE9DC /* LaunchScreen.storyboard */; };
		C8A1B2C32ED00001004D9348 /* ACLJourneyModels.swift in Sources */ = {isa = PBXBuildFile; fileRef = C8A1B2C32ED00001004D9347 /* ACLJourneyModels.swift */; };
		C8A3B4E62ED00004004D9348 /* NotificationManager.swift in Sources */ = {isa = PBXBuildFile; fileRef = C8A3B4E52ED00004004D9347 /* NotificationManager.swift */; };
		C8A3B4E82ED00005004D9348 /* NotificationDelegate.swift in Sources */ = {isa = PBXBuildFile; fileRef = C8A3B4E72ED00005004D9347 /* NotificationDelegate.swift */; };
		C8B1B2C52ED00001004D9348 /* NetworkMonitor.swift in Sources */ = {isa = PBXBuildFile; fileRef = C8B1B2C42ED00001004D9348 /* NetworkMonitor.swift */; };
		C8B1B2C72ED00001004D9349 /* LocalLessonProgressStore.swift in Sources */ = {isa = PBXBuildFile; fileRef = C8B1B2C62ED00001004D9349 /* LocalLessonProgressStore.swift */; };
		C8B1B2C92ED00001004D934A /* OutboxItem.swift in Sources */ = {isa = PBXBuildFile; fileRef = C8B1B2C82ED00001004D934A /* OutboxItem.swift */; };
		C8B1B2CB2ED00001004D934B /* OutboxSyncManager.swift in Sources */ = {isa = PBXBuildFile; fileRef = C8B1B2CA2ED00001004D934B /* OutboxSyncManager.swift */; };
		C8F4A8332ED2F3B600BADF02 /* LessonProgressSync.swift in Sources */ = {isa = PBXBuildFile; fileRef = C8F4A8322ED2F3B600BADF02 /* LessonProgressSync.swift */; };
/* End PBXBuildFile section */

/* Begin PBXContainerItemProxy section */
		C89A84BF2EB138170074B855 /* PBXContainerItemProxy */ = {
			isa = PBXContainerItemProxy;
			containerPortal = C89A84A92EB138150074B855 /* Project object */;
			proxyType = 1;
			remoteGlobalIDString = C89A84B02EB138150074B855;
			remoteInfo = RealRehabPractice;
		};
		C89A84C92EB138170074B855 /* PBXContainerItemProxy */ = {
			isa = PBXContainerItemProxy;
			containerPortal = C89A84A92EB138150074B855 /* Project object */;
			proxyType = 1;
			remoteGlobalIDString = C89A84B02EB138150074B855;
			remoteInfo = RealRehabPractice;
		};
/* End PBXContainerItemProxy section */

/* Begin PBXFileReference section */
		C8003FA12EB42E72008DC812 /* SupabaseConfig.plist */ = {isa = PBXFileReference; lastKnownFileType = text.plist.xml; path = SupabaseConfig.plist; sourceTree = "<group>"; };
		C8003FB42EB7FC39008DC812 /* Components.swift */ = {isa = PBXFileReference; lastKnownFileType = sourcecode.swift; path = Components.swift; sourceTree = "<group>"; };
		C8A2B3D52ED00003004D9347 /* ScheduleVisualizerView.swift */ = {isa = PBXFileReference; lastKnownFileType = sourcecode.swift; path = ScheduleVisualizerView.swift; sourceTree = "<group>"; };
		C825376F2F2B12C300465343 /* CacheEntry.swift */ = {isa = PBXFileReference; lastKnownFileType = sourcecode.swift; path = CacheEntry.swift; sourceTree = "<group>"; };
		C82537702F2B12C300465343 /* CacheKey.swift */ = {isa = PBXFileReference; lastKnownFileType = sourcecode.swift; path = CacheKey.swift; sourceTree = "<group>"; };
		C82537712F2B12C300465343 /* CacheService.swift */ = {isa = PBXFileReference; lastKnownFileType = sourcecode.swift; path = CacheService.swift; sourceTree = "<group>"; };
		C826BD3E2ECC23CB00B500DC /* Assets.xcassets */ = {isa = PBXFileReference; lastKnownFileType = folder.assetcatalog; path = Assets.xcassets; sourceTree = "<group>"; };
		C82D70082EBE91D3004D9347 /* AuthService.swift */ = {isa = PBXFileReference; lastKnownFileType = sourcecode.swift; path = AuthService.swift; sourceTree = "<group>"; };
		C82D70092EBE91D3004D9347 /* LessonEngine.swift */ = {isa = PBXFileReference; lastKnownFileType = sourcecode.swift; path = LessonEngine.swift; sourceTree = "<group>"; };
		C82D700A2EBE91D3004D9347 /* RehabService.swift */ = {isa = PBXFileReference; lastKnownFileType = sourcecode.swift; path = RehabService.swift; sourceTree = "<group>"; };
		C82D700B2EBE91D3004D9347 /* SupabaseService.swift */ = {isa = PBXFileReference; lastKnownFileType = sourcecode.swift; path = SupabaseService.swift; sourceTree = "<group>"; };
		C82D700C2EBE91D3004D9347 /* TelemetryService.swift */ = {isa = PBXFileReference; lastKnownFileType = sourcecode.swift; path = TelemetryService.swift; sourceTree = "<group>"; };
		C82D70222EBEB10C004D9347 /* AuthViewModel.swift */ = {isa = PBXFileReference; lastKnownFileType = sourcecode.swift; path = AuthViewModel.swift; sourceTree = "<group>"; };
		C82D70232EBEB10C004D9347 /* LessonSessionViewModel.swift */ = {isa = PBXFileReference; lastKnownFileType = sourcecode.swift; path = LessonSessionViewModel.swift; sourceTree = "<group>"; };
		C82D70242EBEB10C004D9347 /* PatientDashboardViewModel.swift */ = {isa = PBXFileReference; lastKnownFileType = sourcecode.swift; path = PatientDashboardViewModel.swift; sourceTree = "<group>"; };
		C82D70252EBEB10C004D9347 /* PTProgramEditorViewModel.swift */ = {isa = PBXFileReference; lastKnownFileType = sourcecode.swift; path = PTProgramEditorViewModel.swift; sourceTree = "<group>"; };
		C82D702B2ED00153004D9347 /* PatientService.swift */ = {isa = PBXFileReference; lastKnownFileType = sourcecode.swift; path = PatientService.swift; sourceTree = "<group>"; };
		C8A2B3D42ED00002004D9347 /* ScheduleService.swift */ = {isa = PBXFileReference; lastKnownFileType = sourcecode.swift; path = ScheduleService.swift; sourceTree = "<group>"; };
		C8A3B4E52ED00004004D9347 /* NotificationManager.swift */ = {isa = PBXFileReference; lastKnownFileType = sourcecode.swift; path = NotificationManager.swift; sourceTree = "<group>"; };
		C8A3B4E72ED00005004D9347 /* NotificationDelegate.swift */ = {isa = PBXFileReference; lastKnownFileType = sourcecode.swift; path = NotificationDelegate.swift; sourceTree = "<group>"; };
		C82D702F2ED0841A004D9347 /* PatientPTViewModel.swift */ = {isa = PBXFileReference; lastKnownFileType = sourcecode.swift; path = PatientPTViewModel.swift; sourceTree = "<group>"; };
		C82D70362ED09AC7004D9349 /* PTPatientsViewModel.swift */ = {isa = PBXFileReference; lastKnownFileType = sourcecode.swift; path = PTPatientsViewModel.swift; sourceTree = "<group>"; };
		C82D70372ED09AC7004D9350 /* GenderMapper.swift */ = {isa = PBXFileReference; lastKnownFileType = sourcecode.swift; path = GenderMapper.swift; sourceTree = "<group>"; };
		C82537812F2B12D400465343 /* PhaseHeaderPreferenceKey.swift */ = {isa = PBXFileReference; lastKnownFileType = sourcecode.swift; path = PhaseHeaderPreferenceKey.swift; sourceTree = "<group>"; };
		C82D70372ED0AB17004D9347 /* PTSettingsView.swift */ = {isa = PBXFileReference; lastKnownFileType = sourcecode.swift; path = PTSettingsView.swift; sourceTree = "<group>"; };
		C82D70392ED09AC7004D9351 /* JourneyMapViewModel.swift */ = {isa = PBXFileReference; lastKnownFileType = sourcecode.swift; path = JourneyMapViewModel.swift; sourceTree = "<group>"; };
		C82D703B2ED0B4BE004D9347 /* PatientSettingsView.swift */ = {isa = PBXFileReference; lastKnownFileType = sourcecode.swift; path = PatientSettingsView.swift; sourceTree = "<group>"; };
		C82D703F2ED2F3B6004D9347 /* SessionContext.swift */ = {isa = PBXFileReference; lastKnownFileType = sourcecode.swift; path = SessionContext.swift; sourceTree = "<group>"; };
		C82D70552EC15F90004D9347 /* PatientTabBar.swift */ = {isa = PBXFileReference; lastKnownFileType = sourcecode.swift; path = PatientTabBar.swift; sourceTree = "<group>"; };
		C82D70562EC15F90004D9347 /* PTTabBar.swift */ = {isa = PBXFileReference; lastKnownFileType = sourcecode.swift; path = PTTabBar.swift; sourceTree = "<group>"; };
		C82D707D2EC17F97004D9347 /* info.plist */ = {isa = PBXFileReference; lastKnownFileType = text.plist.xml; path = info.plist; sourceTree = "<group>"; };
		C89A84B12EB138150074B855 /* RealRehabPractice.app */ = {isa = PBXFileReference; explicitFileType = wrapper.application; includeInIndex = 0; path = RealRehabPractice.app; sourceTree = BUILT_PRODUCTS_DIR; };
		C89A84BE2EB138170074B855 /* RealRehabPracticeTests.xctest */ = {isa = PBXFileReference; explicitFileType = wrapper.cfbundle; includeInIndex = 0; path = RealRehabPracticeTests.xctest; sourceTree = BUILT_PRODUCTS_DIR; };
		C89A84C82EB138170074B855 /* RealRehabPracticeUITests.xctest */ = {isa = PBXFileReference; explicitFileType = wrapper.cfbundle; includeInIndex = 0; path = RealRehabPracticeUITests.xctest; sourceTree = BUILT_PRODUCTS_DIR; };
		C8AEEC9D2EB2D7A200720184 /* AllSetView.swift */ = {isa = PBXFileReference; lastKnownFileType = sourcecode.swift; path = AllSetView.swift; sourceTree = "<group>"; };
		C8AEEC9E2EB2D7A200720184 /* AppRouter.swift */ = {isa = PBXFileReference; lastKnownFileType = sourcecode.swift; path = AppRouter.swift; sourceTree = "<group>"; };
		C8AEECA02EB2D7A200720184 /* CalibrateDeviceView.swift */ = {isa = PBXFileReference; lastKnownFileType = sourcecode.swift; path = CalibrateDeviceView.swift; sourceTree = "<group>"; };
		C8AEECA12EB2D7A200720184 /* CompletionView.swift */ = {isa = PBXFileReference; lastKnownFileType = sourcecode.swift; path = CompletionView.swift; sourceTree = "<group>"; };
		C8AEECA12EB2D7A200720185 /* TestCalibrationView.swift */ = {isa = PBXFileReference; lastKnownFileType = sourcecode.swift; path = TestCalibrationView.swift; sourceTree = "<group>"; };
		C8AEECA22EB2D7A200720184 /* ContentView.swift */ = {isa = PBXFileReference; lastKnownFileType = sourcecode.swift; path = ContentView.swift; sourceTree = "<group>"; };
		C8AEECA32EB2D7A200720184 /* CreateAccount.swift */ = {isa = PBXFileReference; lastKnownFileType = sourcecode.swift; path = CreateAccount.swift; sourceTree = "<group>"; };
		C8AEECA42EB2D7A200720184 /* HomeSubCategoryView.swift */ = {isa = PBXFileReference; lastKnownFileType = sourcecode.swift; path = HomeSubCategoryView.swift; sourceTree = "<group>"; };
		C8AEECA52EB2D7A200720184 /* HomeView.swift */ = {isa = PBXFileReference; lastKnownFileType = sourcecode.swift; path = HomeView.swift; sourceTree = "<group>"; };
		C8AEECA62EB2D7A200720184 /* JourneyMapView.swift */ = {isa = PBXFileReference; lastKnownFileType = sourcecode.swift; path = JourneyMapView.swift; sourceTree = "<group>"; };
		C8AEECA82EB2D7A200720184 /* LessonView.swift */ = {isa = PBXFileReference; lastKnownFileType = sourcecode.swift; path = LessonView.swift; sourceTree = "<group>"; };
		C8AEECAB2EB2D7A200720184 /* PracticeSensorSimulator.swift */ = {isa = PBXFileReference; lastKnownFileType = sourcecode.swift; path = PracticeSensorSimulator.swift; sourceTree = "<group>"; };
		C8AEECAC2EB2D7A200720184 /* RealRehabPracticeApp.swift */ = {isa = PBXFileReference; lastKnownFileType = sourcecode.swift; path = RealRehabPracticeApp.swift; sourceTree = "<group>"; };
		C8AEECAD2EB2D7A200720184 /* RehabOverviewView.swift */ = {isa = PBXFileReference; lastKnownFileType = sourcecode.swift; path = RehabOverviewView.swift; sourceTree = "<group>"; };
		C8AEECAE2EB2D7A200720184 /* SensorSample.swift */ = {isa = PBXFileReference; lastKnownFileType = sourcecode.swift; path = SensorSample.swift; sourceTree = "<group>"; };
		C8AEECAF2EB2D7A200720184 /* WelcomeView.swift */ = {isa = PBXFileReference; lastKnownFileType = sourcecode.swift; path = WelcomeView.swift; sourceTree = "<group>"; };
		C8AEECC42EB2D7A200720186 /* DirectionsView1.swift */ = {isa = PBXFileReference; lastKnownFileType = sourcecode.swift; path = DirectionsView1.swift; sourceTree = "<group>"; };
		C8AEECC52EB2D7A200720187 /* DirectionsView2.swift */ = {isa = PBXFileReference; lastKnownFileType = sourcecode.swift; path = DirectionsView2.swift; sourceTree = "<group>"; };
		C8AEECC82EB2D7A200720188 /* AssessmentView.swift */ = {isa = PBXFileReference; lastKnownFileType = sourcecode.swift; path = AssessmentView.swift; sourceTree = "<group>"; };
		C8D677BC2EB8285A00829144 /* PairDeviceView.swift */ = {isa = PBXFileReference; lastKnownFileType = sourcecode.swift; path = PairDeviceView.swift; sourceTree = "<group>"; };
		C8D677BC2EB8285A00829146 /* TestPairDeviceView.swift */ = {isa = PBXFileReference; lastKnownFileType = sourcecode.swift; path = TestPairDeviceView.swift; sourceTree = "<group>"; };
		C8D677C82EB839FC00829144 /* Theme.swift */ = {isa = PBXFileReference; lastKnownFileType = sourcecode.swift; path = Theme.swift; sourceTree = "<group>"; };
		C8D677D02EB97B4700829144 /* SchedulingModels.swift */ = {isa = PBXFileReference; lastKnownFileType = sourcecode.swift; path = SchedulingModels.swift; sourceTree = "<group>"; };
		C8D677EA2EBA932000829144 /* CategorySelectView.swift */ = {isa = PBXFileReference; lastKnownFileType = sourcecode.swift; path = CategorySelectView.swift; sourceTree = "<group>"; };
		C8D677EB2EBA932000829144 /* InjurySelectView.swift */ = {isa = PBXFileReference; lastKnownFileType = sourcecode.swift; path = InjurySelectView.swift; sourceTree = "<group>"; };
		C8D677EC2EBA932000829144 /* PatientListView.swift */ = {isa = PBXFileReference; lastKnownFileType = sourcecode.swift; path = PatientListView.swift; sourceTree = "<group>"; };
		C8D677F52EBA9C0F00829144 /* PTJourneyMapView.swift */ = {isa = PBXFileReference; lastKnownFileType = sourcecode.swift; path = PTJourneyMapView.swift; sourceTree = "<group>"; };
		C8D677FD2EBAF71B00829144 /* PatientDetailView.swift */ = {isa = PBXFileReference; lastKnownFileType = sourcecode.swift; path = PatientDetailView.swift; sourceTree = "<group>"; };
		C8D677FF2EBB095E00829144 /* PTDetailView.swift */ = {isa = PBXFileReference; lastKnownFileType = sourcecode.swift; path = PTDetailView.swift; sourceTree = "<group>"; };
		C8F4A7012ED2C79A00BADF02 /* BluetoothManager.swift */ = {isa = PBXFileReference; lastKnownFileType = sourcecode.swift; path = BluetoothManager.swift; sourceTree = "<group>"; };
		C8F4A8212ED2F3B500BADF02 /* PTService.swift */ = {isa = PBXFileReference; lastKnownFileType = sourcecode.swift; path = PTService.swift; sourceTree = "<group>"; };
		C8F4A8252ED2F3B500BADF02 /* PTCreateAccountView.swift */ = {isa = PBXFileReference; lastKnownFileType = sourcecode.swift; path = PTCreateAccountView.swift; sourceTree = "<group>"; };
		C8FF08EB2ED68CB6007FE9DC /* LaunchScreen.storyboard */ = {isa = PBXFileReference; lastKnownFileType = file.storyboard; path = LaunchScreen.storyboard; sourceTree = "<group>"; };
		C8A1B2C32ED00001004D9347 /* ACLJourneyModels.swift */ = {isa = PBXFileReference; lastKnownFileType = sourcecode.swift; path = ACLJourneyModels.swift; sourceTree = "<group>"; };
		C8B1B2C42ED00001004D9348 /* NetworkMonitor.swift */ = {isa = PBXFileReference; lastKnownFileType = sourcecode.swift; path = NetworkMonitor.swift; sourceTree = "<group>"; };
		C8B1B2C62ED00001004D9349 /* LocalLessonProgressStore.swift */ = {isa = PBXFileReference; lastKnownFileType = sourcecode.swift; path = LocalLessonProgressStore.swift; sourceTree = "<group>"; };
		C8B1B2C82ED00001004D934A /* OutboxItem.swift */ = {isa = PBXFileReference; lastKnownFileType = sourcecode.swift; path = OutboxItem.swift; sourceTree = "<group>"; };
		C8B1B2CA2ED00001004D934B /* OutboxSyncManager.swift */ = {isa = PBXFileReference; lastKnownFileType = sourcecode.swift; path = OutboxSyncManager.swift; sourceTree = "<group>"; };
		C8F4A8322ED2F3B600BADF02 /* LessonProgressSync.swift */ = {isa = PBXFileReference; lastKnownFileType = sourcecode.swift; path = LessonProgressSync.swift; sourceTree = "<group>"; };
/* End PBXFileReference section */

/* Begin PBXFileSystemSynchronizedRootGroup section */
		C89A84C12EB138170074B855 /* RealRehabPracticeTests */ = {
			isa = PBXFileSystemSynchronizedRootGroup;
			path = RealRehabPracticeTests;
			sourceTree = "<group>";
		};
		C89A84CB2EB138170074B855 /* RealRehabPracticeUITests */ = {
			isa = PBXFileSystemSynchronizedRootGroup;
			path = RealRehabPracticeUITests;
			sourceTree = "<group>";
		};
/* End PBXFileSystemSynchronizedRootGroup section */

/* Begin PBXFrameworksBuildPhase section */
		C89A84AE2EB138150074B855 /* Frameworks */ = {
			isa = PBXFrameworksBuildPhase;
			files = (
				C8003FAD2EB441F1008DC812 /* Supabase in Frameworks */,
			);
		};
		C89A84BB2EB138170074B855 /* Frameworks */ = {
			isa = PBXFrameworksBuildPhase;
			files = (
			);
		};
		C89A84C52EB138170074B855 /* Frameworks */ = {
			isa = PBXFrameworksBuildPhase;
			files = (
			);
		};
/* End PBXFrameworksBuildPhase section */

/* Begin PBXGroup section */
		C82537722F2B12C300465343 /* Cache */ = {
			isa = PBXGroup;
			children = (
				C825376F2F2B12C300465343 /* CacheEntry.swift */,
				C82537702F2B12C300465343 /* CacheKey.swift */,
				C82537712F2B12C300465343 /* CacheService.swift */,
			);
			path = Cache;
			sourceTree = "<group>";
		};
		C82D700D2EBE91D3004D9347 /* Services */ = {
			isa = PBXGroup;
			children = (
				C82537722F2B12C300465343 /* Cache */,
				C8F4A6F02ED2C79A00BADF02 /* BLE */,
				C8B1B2CC2ED00001004D9350 /* Outbox */,
				C82D70082EBE91D3004D9347 /* AuthService.swift */,
				C82D70092EBE91D3004D9347 /* LessonEngine.swift */,
				C8B1B2C62ED00001004D9349 /* LocalLessonProgressStore.swift */,
				C8B1B2C42ED00001004D9348 /* NetworkMonitor.swift */,
				C82D700A2EBE91D3004D9347 /* RehabService.swift */,
				C82D700B2EBE91D3004D9347 /* SupabaseService.swift */,
				C82D700C2EBE91D3004D9347 /* TelemetryService.swift */,
				C82D702B2ED00153004D9347 /* PatientService.swift */,
				C8A2B3D42ED00002004D9347 /* ScheduleService.swift */,
				C8A3B4E52ED00004004D9347 /* NotificationManager.swift */,
				C8F4A8212ED2F3B500BADF02 /* PTService.swift */,
			);
			path = Services;
			sourceTree = "<group>";
		};
		C82D70262EBEB10C004D9347 /* ViewModels */ = {
			isa = PBXGroup;
			children = (
				C82D70222EBEB10C004D9347 /* AuthViewModel.swift */,
				C82D70232EBEB10C004D9347 /* LessonSessionViewModel.swift */,
				C82D70242EBEB10C004D9347 /* PatientDashboardViewModel.swift */,
				C82D70252EBEB10C004D9347 /* PTProgramEditorViewModel.swift */,
				C82D702F2ED0841A004D9347 /* PatientPTViewModel.swift */,
				C82D70362ED09AC7004D9349 /* PTPatientsViewModel.swift */,
				C82D70392ED09AC7004D9351 /* JourneyMapViewModel.swift */,
			);
			path = ViewModels;
			sourceTree = "<group>";
		};
		C82D70362ED0AB17004D9347 /* Settings */ = {
			isa = PBXGroup;
			children = (
				C82D70372ED0AB17004D9347 /* PTSettingsView.swift */,
				C82D703B2ED0B4BE004D9347 /* PatientSettingsView.swift */,
			);
			path = Settings;
			sourceTree = "<group>";
		};
		C89A84A82EB138150074B855 = {
			isa = PBXGroup;
			children = (
				C8FF08EB2ED68CB6007FE9DC /* LaunchScreen.storyboard */,
				C82D707D2EC17F97004D9347 /* info.plist */,
				C82D70262EBEB10C004D9347 /* ViewModels */,
				C82D700D2EBE91D3004D9347 /* Services */,
				C8D677C12EB831E500829144 /* Views */,
				C8D677C42EB8321E00829144 /* Utilities */,
				C8D677C32EB8321800829144 /* Resources */,
				C8D677C22EB8321100829144 /* Models */,
				C8D677BF2EB831D600829144 /* Components */,
				C8D677BE2EB831BF00829144 /* App */,
				C89A84C12EB138170074B855 /* RealRehabPracticeTests */,
				C89A84CB2EB138170074B855 /* RealRehabPracticeUITests */,
				C89A84B22EB138150074B855 /* Products */,
			);
			sourceTree = "<group>";
		};
		C89A84B22EB138150074B855 /* Products */ = {
			isa = PBXGroup;
			children = (
				C89A84B12EB138150074B855 /* RealRehabPractice.app */,
				C89A84BE2EB138170074B855 /* RealRehabPracticeTests.xctest */,
				C89A84C82EB138170074B855 /* RealRehabPracticeUITests.xctest */,
			);
			name = Products;
			sourceTree = "<group>";
		};
		C8D677BE2EB831BF00829144 /* App */ = {
			isa = PBXGroup;
			children = (
				C8AEECAC2EB2D7A200720184 /* RealRehabPracticeApp.swift */,
				C8AEEC9E2EB2D7A200720184 /* AppRouter.swift */,
				C8A3B4E72ED00005004D9347 /* NotificationDelegate.swift */,
			);
			path = App;
			sourceTree = "<group>";
		};
		C8D677BF2EB831D600829144 /* Components */ = {
			isa = PBXGroup;
			children = (
				C82D70552EC15F90004D9347 /* PatientTabBar.swift */,
				C82D70562EC15F90004D9347 /* PTTabBar.swift */,
				C8D677C82EB839FC00829144 /* Theme.swift */,
				C8003FB42EB7FC39008DC812 /* Components.swift */,
				C8A2B3D52ED00003004D9347 /* ScheduleVisualizerView.swift */,
			);
			path = Components;
			sourceTree = "<group>";
		};
		C8D677C12EB831E500829144 /* Views */ = {
			isa = PBXGroup;
			children = (
				C8D677EF2EBA932000829144 /* PTViews */,
				C82D70362ED0AB17004D9347 /* Settings */,
				C8D677C72EB8327900829144 /* Lessons */,
				C8D677C62EB8327100829144 /* Home */,
				C8D677C52EB8326500829144 /* Onboarding */,
			);
			path = Views;
			sourceTree = "<group>";
		};
		C8D677C22EB8321100829144 /* Models */ = {
			isa = PBXGroup;
			children = (
				C8A1B2C32ED00001004D9347 /* ACLJourneyModels.swift */,
				C8D677D02EB97B4700829144 /* SchedulingModels.swift */,
				C82D703F2ED2F3B6004D9347 /* SessionContext.swift */,
			);
			path = Models;
			sourceTree = "<group>";
		};
		C8D677C32EB8321800829144 /* Resources */ = {
			isa = PBXGroup;
			children = (
				C826BD3E2ECC23CB00B500DC /* Assets.xcassets */,
				C8003FA12EB42E72008DC812 /* SupabaseConfig.plist */,
			);
			path = Resources;
			sourceTree = "<group>";
		};
		C8D677C42EB8321E00829144 /* Utilities */ = {
			isa = PBXGroup;
			children = (
				C8AEECA22EB2D7A200720184 /* ContentView.swift */,
				C8AEECAB2EB2D7A200720184 /* PracticeSensorSimulator.swift */,
				C8AEECAE2EB2D7A200720184 /* SensorSample.swift */,
				C82D70372ED09AC7004D9350 /* GenderMapper.swift */,
				C82537812F2B12D400465343 /* PhaseHeaderPreferenceKey.swift */,
			);
			path = Utilities;
			sourceTree = "<group>";
		};
		C8D677C52EB8326500829144 /* Onboarding */ = {
			isa = PBXGroup;
			children = (
				C8AEECAF2EB2D7A200720184 /* WelcomeView.swift */,
				C8AEECA32EB2D7A200720184 /* CreateAccount.swift */,
				C8D677BC2EB8285A00829144 /* PairDeviceView.swift */,
				C8D677BC2EB8285A00829146 /* TestPairDeviceView.swift */,
				C8AEECA02EB2D7A200720184 /* CalibrateDeviceView.swift */,
				C8AEECA12EB2D7A200720185 /* TestCalibrationView.swift */,
				C8AEEC9D2EB2D7A200720184 /* AllSetView.swift */,
			);
			path = Onboarding;
			sourceTree = "<group>";
		};
		C8D677C62EB8327100829144 /* Home */ = {
			isa = PBXGroup;
			children = (
				C8D677FF2EBB095E00829144 /* PTDetailView.swift */,
				C8AEECA52EB2D7A200720184 /* HomeView.swift */,
				C8AEECA42EB2D7A200720184 /* HomeSubCategoryView.swift */,
				C8AEECAD2EB2D7A200720184 /* RehabOverviewView.swift */,
			);
			path = Home;
			sourceTree = "<group>";
		};
		C8D677C72EB8327900829144 /* Lessons */ = {
			isa = PBXGroup;
			children = (
				C8AEECA82EB2D7A200720184 /* LessonView.swift */,
				C8AEECA12EB2D7A200720184 /* CompletionView.swift */,
				C8AEECA62EB2D7A200720184 /* JourneyMapView.swift */,
				C8AEECC42EB2D7A200720186 /* DirectionsView1.swift */,
				C8AEECC52EB2D7A200720187 /* DirectionsView2.swift */,
				C8AEECC82EB2D7A200720188 /* AssessmentView.swift */,
			);
			path = Lessons;
			sourceTree = "<group>";
		};
		C8D677EF2EBA932000829144 /* PTViews */ = {
			isa = PBXGroup;
			children = (
				C8D677FD2EBAF71B00829144 /* PatientDetailView.swift */,
				C8D677F52EBA9C0F00829144 /* PTJourneyMapView.swift */,
				C8D677EA2EBA932000829144 /* CategorySelectView.swift */,
				C8D677EB2EBA932000829144 /* InjurySelectView.swift */,
				C8D677EC2EBA932000829144 /* PatientListView.swift */,
				C8F4A8252ED2F3B500BADF02 /* PTCreateAccountView.swift */,
			);
			path = PTViews;
			sourceTree = "<group>";
		};
		C8F4A6F02ED2C79A00BADF02 /* BLE */ = {
			isa = PBXGroup;
			children = (
				C8F4A7012ED2C79A00BADF02 /* BluetoothManager.swift */,
			);
			path = BLE;
			sourceTree = "<group>";
		};
		C8B1B2CC2ED00001004D9350 /* Outbox */ = {
			isa = PBXGroup;
			children = (
				C8B1B2C82ED00001004D934A /* OutboxItem.swift */,
				C8B1B2CA2ED00001004D934B /* OutboxSyncManager.swift */,
				C8F4A8322ED2F3B600BADF02 /* LessonProgressSync.swift */,
			);
			path = Outbox;
			sourceTree = "<group>";
		};
/* End PBXGroup section */

/* Begin PBXNativeTarget section */
		C89A84B02EB138150074B855 /* RealRehabPractice */ = {
			isa = PBXNativeTarget;
			buildConfigurationList = C89A84D22EB138170074B855 /* Build configuration list for PBXNativeTarget "RealRehabPractice" */;
			buildPhases = (
				C89A84AD2EB138150074B855 /* Sources */,
				C89A84AE2EB138150074B855 /* Frameworks */,
				C89A84AF2EB138150074B855 /* Resources */,
			);
			buildRules = (
			);
			name = RealRehabPractice;
			packageProductDependencies = (
				C8003FAC2EB441F1008DC812 /* Supabase */,
			);
			productName = RealRehabPractice;
			productReference = C89A84B12EB138150074B855 /* RealRehabPractice.app */;
			productType = "com.apple.product-type.application";
		};
		C89A84BD2EB138170074B855 /* RealRehabPracticeTests */ = {
			isa = PBXNativeTarget;
			buildConfigurationList = C89A84D52EB138170074B855 /* Build configuration list for PBXNativeTarget "RealRehabPracticeTests" */;
			buildPhases = (
				C89A84BA2EB138170074B855 /* Sources */,
				C89A84BB2EB138170074B855 /* Frameworks */,
				C89A84BC2EB138170074B855 /* Resources */,
			);
			buildRules = (
			);
			dependencies = (
				C89A84C02EB138170074B855 /* PBXTargetDependency */,
			);
			fileSystemSynchronizedGroups = (
				C89A84C12EB138170074B855 /* RealRehabPracticeTests */,
			);
			name = RealRehabPracticeTests;
			productName = RealRehabPracticeTests;
			productReference = C89A84BE2EB138170074B855 /* RealRehabPracticeTests.xctest */;
			productType = "com.apple.product-type.bundle.unit-test";
		};
		C89A84C72EB138170074B855 /* RealRehabPracticeUITests */ = {
			isa = PBXNativeTarget;
			buildConfigurationList = C89A84D82EB138170074B855 /* Build configuration list for PBXNativeTarget "RealRehabPracticeUITests" */;
			buildPhases = (
				C89A84C42EB138170074B855 /* Sources */,
				C89A84C52EB138170074B855 /* Frameworks */,
				C89A84C62EB138170074B855 /* Resources */,
			);
			buildRules = (
			);
			dependencies = (
				C89A84CA2EB138170074B855 /* PBXTargetDependency */,
			);
			fileSystemSynchronizedGroups = (
				C89A84CB2EB138170074B855 /* RealRehabPracticeUITests */,
			);
			name = RealRehabPracticeUITests;
			productName = RealRehabPracticeUITests;
			productReference = C89A84C82EB138170074B855 /* RealRehabPracticeUITests.xctest */;
			productType = "com.apple.product-type.bundle.ui-testing";
		};
/* End PBXNativeTarget section */

/* Begin PBXProject section */
		C89A84A92EB138150074B855 /* Project object */ = {
			isa = PBXProject;
			attributes = {
				BuildIndependentTargetsInParallel = 1;
				LastSwiftUpdateCheck = 2600;
				LastUpgradeCheck = 2610;
				TargetAttributes = {
					C89A84B02EB138150074B855 = {
						CreatedOnToolsVersion = 26.0.1;
						LastSwiftMigration = 2600;
					};
					C89A84BD2EB138170074B855 = {
						CreatedOnToolsVersion = 26.0.1;
						TestTargetID = C89A84B02EB138150074B855;
					};
					C89A84C72EB138170074B855 = {
						CreatedOnToolsVersion = 26.0.1;
						TestTargetID = C89A84B02EB138150074B855;
					};
				};
			};
			buildConfigurationList = C89A84AC2EB138150074B855 /* Build configuration list for PBXProject "RealRehabPractice" */;
			developmentRegion = en;
			hasScannedForEncodings = 0;
			knownRegions = (
				en,
				Base,
			);
			mainGroup = C89A84A82EB138150074B855;
			minimizedProjectReferenceProxies = 1;
			packageReferences = (
				C8003FAB2EB441F1008DC812 /* XCRemoteSwiftPackageReference "supabase-swift" */,
			);
			preferredProjectObjectVersion = 90;
			productRefGroup = C89A84B22EB138150074B855 /* Products */;
			projectDirPath = "";
			projectRoot = "";
			targets = (
				C89A84B02EB138150074B855 /* RealRehabPractice */,
				C89A84BD2EB138170074B855 /* RealRehabPracticeTests */,
				C89A84C72EB138170074B855 /* RealRehabPracticeUITests */,
			);
		};
/* End PBXProject section */

/* Begin PBXResourcesBuildPhase section */
		C89A84AF2EB138150074B855 /* Resources */ = {
			isa = PBXResourcesBuildPhase;
			files = (
				C8FF08ED2ED68CB6007FE9DC /* LaunchScreen.storyboard in Resources */,
				C826BD3F2ECC23CB00B500DC /* Assets.xcassets in Resources */,
				C8003FA22EB42E72008DC812 /* SupabaseConfig.plist in Resources */,
			);
		};
		C89A84BC2EB138170074B855 /* Resources */ = {
			isa = PBXResourcesBuildPhase;
			files = (
			);
		};
		C89A84C62EB138170074B855 /* Resources */ = {
			isa = PBXResourcesBuildPhase;
			files = (
			);
		};
/* End PBXResourcesBuildPhase section */

/* Begin PBXSourcesBuildPhase section */
		C89A84AD2EB138150074B855 /* Sources */ = {
			isa = PBXSourcesBuildPhase;
			files = (
				C82D700E2EBE91D3004D9347 /* RehabService.swift in Sources */,
				C82D700F2EBE91D3004D9347 /* SupabaseService.swift in Sources */,
				C82D70102EBE91D3004D9347 /* LessonEngine.swift in Sources */,
				C82D70112EBE91D3004D9347 /* TelemetryService.swift in Sources */,
				C82D70122EBE91D3004D9347 /* AuthService.swift in Sources */,
				C8F4A7002ED2C79A00BADF02 /* BluetoothManager.swift in Sources */,
				C8AEECB22EB2D7A200720184 /* PracticeSensorSimulator.swift in Sources */,
				C8AEECB32EB2D7A200720184 /* AllSetView.swift in Sources */,
				C8AEECB42EB2D7A200720184 /* WelcomeView.swift in Sources */,
				C8AEECB52EB2D7A200720184 /* ContentView.swift in Sources */,
				C8AEECB62EB2D7A200720184 /* SensorSample.swift in Sources */,
				C82D70382ED09AC7004D9350 /* GenderMapper.swift in Sources */,
				C82537802F2B12D400465343 /* PhaseHeaderPreferenceKey.swift in Sources */,
				C8AEECB72EB2D7A200720184 /* CreateAccount.swift in Sources */,
				C8AEECB82EB2D7A200720184 /* AppRouter.swift in Sources */,
				C8D677D12EB97B4700829144 /* SchedulingModels.swift in Sources */,
				C82D70402ED2F3B6004D9347 /* SessionContext.swift in Sources */,
				C8A1B2C32ED00001004D9348 /* ACLJourneyModels.swift in Sources */,
				C8D677FE2EBAF71B00829144 /* PatientDetailView.swift in Sources */,
				C8D677F62EBA9C0F00829144 /* PTJourneyMapView.swift in Sources */,
				C8AEECB92EB2D7A200720184 /* HomeSubCategoryView.swift in Sources */,
				C8AEECBA2EB2D7A200720184 /* RehabOverviewView.swift in Sources */,
				C8AEECBB2EB2D7A200720184 /* JourneyMapView.swift in Sources */,
				C8D677BD2EB8285A00829144 /* PairDeviceView.swift in Sources */,
				C8AEECBC2EB2D7A200720184 /* LessonView.swift in Sources */,
				C8AEECBF2EB2D7A200720184 /* CompletionView.swift in Sources */,
				C8AEECC62EB2D7A200720186 /* DirectionsView1.swift in Sources */,
				C8AEECC72EB2D7A200720187 /* DirectionsView2.swift in Sources */,
				C8AEECC92EB2D7A200720188 /* AssessmentView.swift in Sources */,
				C8AEECC02EB2D7A200720184 /* HomeView.swift in Sources */,
				C8003FB52EB7FD57008DC812 /* Components.swift in Sources */,
				C8A2B3D52ED00003004D9348 /* ScheduleVisualizerView.swift in Sources */,
				C8D677C92EB839FC00829144 /* Theme.swift in Sources */,
				C82D70272EBEB10C004D9347 /* AuthViewModel.swift in Sources */,
				C82D70282EBEB10C004D9347 /* PatientDashboardViewModel.swift in Sources */,
				C82D70292EBEB10C004D9347 /* PTProgramEditorViewModel.swift in Sources */,
				C82D702A2EBEB10C004D9347 /* LessonSessionViewModel.swift in Sources */,
				C82D70302ED0841A004D9347 /* PatientPTViewModel.swift in Sources */,
				C82D70372ED09AC7004D9349 /* PTPatientsViewModel.swift in Sources */,
				C82D703A2ED09AC7004D9351 /* JourneyMapViewModel.swift in Sources */,
				C82D70382ED0AB17004D9347 /* PTSettingsView.swift in Sources */,
				C82D703C2ED0B4BE004D9347 /* PatientSettingsView.swift in Sources */,
				C82537732F2B12C300465343 /* CacheKey.swift in Sources */,
				C82537742F2B12C300465343 /* CacheService.swift in Sources */,
				C82537752F2B12C300465343 /* CacheEntry.swift in Sources */,
				C82D702C2ED00153004D9347 /* PatientService.swift in Sources */,
				C8A2B3D42ED00002004D9348 /* ScheduleService.swift in Sources */,
				C8A3B4E62ED00004004D9348 /* NotificationManager.swift in Sources */,
				C8A3B4E82ED00005004D9348 /* NotificationDelegate.swift in Sources */,
				C8B1B2C52ED00001004D9348 /* NetworkMonitor.swift in Sources */,
				C8B1B2C72ED00001004D9349 /* LocalLessonProgressStore.swift in Sources */,
				C8B1B2C92ED00001004D934A /* OutboxItem.swift in Sources */,
				C8B1B2CB2ED00001004D934B /* OutboxSyncManager.swift in Sources */,
				C8F4A8332ED2F3B600BADF02 /* LessonProgressSync.swift in Sources */,
				C8D677F02EBA932000829144 /* InjurySelectView.swift in Sources */,
				C82D70572EC15F90004D9347 /* PatientTabBar.swift in Sources */,
				C82D70582EC15F90004D9347 /* PTTabBar.swift in Sources */,
				C8D677F12EBA932000829144 /* PatientListView.swift in Sources */,
				C8D677F32EBA932000829144 /* CategorySelectView.swift in Sources */,
				C8AEECC12EB2D7A200720184 /* RealRehabPracticeApp.swift in Sources */,
				C8AEECC22EB2D7A200720184 /* CalibrateDeviceView.swift in Sources */,
				C8AEECC32EB2D7A200720185 /* TestCalibrationView.swift in Sources */,
				C8D677BE2EB8285A00829146 /* TestPairDeviceView.swift in Sources */,
				C8D678002EBB095E00829144 /* PTDetailView.swift in Sources */,
				C8F4A8202ED2F3B500BADF02 /* PTService.swift in Sources */,
				C8F4A8242ED2F3B500BADF02 /* PTCreateAccountView.swift in Sources */,
			);
		};
		C89A84BA2EB138170074B855 /* Sources */ = {
			isa = PBXSourcesBuildPhase;
			files = (
			);
		};
		C89A84C42EB138170074B855 /* Sources */ = {
			isa = PBXSourcesBuildPhase;
			files = (
			);
		};
/* End PBXSourcesBuildPhase section */

/* Begin PBXTargetDependency section */
		C89A84C02EB138170074B855 /* PBXTargetDependency */ = {
			isa = PBXTargetDependency;
			target = C89A84B02EB138150074B855 /* RealRehabPractice */;
			targetProxy = C89A84BF2EB138170074B855 /* PBXContainerItemProxy */;
		};
		C89A84CA2EB138170074B855 /* PBXTargetDependency */ = {
			isa = PBXTargetDependency;
			target = C89A84B02EB138150074B855 /* RealRehabPractice */;
			targetProxy = C89A84C92EB138170074B855 /* PBXContainerItemProxy */;
		};
/* End PBXTargetDependency section */

/* Begin XCBuildConfiguration section */
		C89A84D02EB138170074B855 /* Debug configuration for PBXProject "RealRehabPractice" */ = {
			isa = XCBuildConfiguration;
			buildSettings = {
				ALWAYS_SEARCH_USER_PATHS = NO;
				ASSETCATALOG_COMPILER_GENERATE_SWIFT_ASSET_SYMBOL_EXTENSIONS = YES;
				CLANG_ANALYZER_NONNULL = YES;
				CLANG_ANALYZER_NUMBER_OBJECT_CONVERSION = YES_AGGRESSIVE;
				CLANG_CXX_LANGUAGE_STANDARD = "gnu++20";
				CLANG_ENABLE_MODULES = YES;
				CLANG_ENABLE_OBJC_ARC = YES;
				CLANG_ENABLE_OBJC_WEAK = YES;
				CLANG_WARN_BLOCK_CAPTURE_AUTORELEASING = YES;
				CLANG_WARN_BOOL_CONVERSION = YES;
				CLANG_WARN_COMMA = YES;
				CLANG_WARN_CONSTANT_CONVERSION = YES;
				CLANG_WARN_DEPRECATED_OBJC_IMPLEMENTATIONS = YES;
				CLANG_WARN_DIRECT_OBJC_ISA_USAGE = YES_ERROR;
				CLANG_WARN_DOCUMENTATION_COMMENTS = YES;
				CLANG_WARN_EMPTY_BODY = YES;
				CLANG_WARN_ENUM_CONVERSION = YES;
				CLANG_WARN_INFINITE_RECURSION = YES;
				CLANG_WARN_INT_CONVERSION = YES;
				CLANG_WARN_NON_LITERAL_NULL_CONVERSION = YES;
				CLANG_WARN_OBJC_IMPLICIT_RETAIN_SELF = YES;
				CLANG_WARN_OBJC_LITERAL_CONVERSION = YES;
				CLANG_WARN_OBJC_ROOT_CLASS = YES_ERROR;
				CLANG_WARN_QUOTED_INCLUDE_IN_FRAMEWORK_HEADER = YES;
				CLANG_WARN_RANGE_LOOP_ANALYSIS = YES;
				CLANG_WARN_STRICT_PROTOTYPES = YES;
				CLANG_WARN_SUSPICIOUS_MOVE = YES;
				CLANG_WARN_UNGUARDED_AVAILABILITY = YES_AGGRESSIVE;
				CLANG_WARN_UNREACHABLE_CODE = YES;
				CLANG_WARN__DUPLICATE_METHOD_MATCH = YES;
				COPY_PHASE_STRIP = NO;
				DEBUG_INFORMATION_FORMAT = dwarf;
				ENABLE_STRICT_OBJC_MSGSEND = YES;
				ENABLE_TESTABILITY = YES;
				ENABLE_USER_SCRIPT_SANDBOXING = YES;
				GCC_C_LANGUAGE_STANDARD = gnu17;
				GCC_DYNAMIC_NO_PIC = NO;
				GCC_NO_COMMON_BLOCKS = YES;
				GCC_OPTIMIZATION_LEVEL = 0;
				GCC_PREPROCESSOR_DEFINITIONS = (
					"DEBUG=1",
					"$(inherited)",
				);
				GCC_WARN_64_TO_32_BIT_CONVERSION = YES;
				GCC_WARN_ABOUT_RETURN_TYPE = YES_ERROR;
				GCC_WARN_UNDECLARED_SELECTOR = YES;
				GCC_WARN_UNINITIALIZED_AUTOS = YES_AGGRESSIVE;
				GCC_WARN_UNUSED_FUNCTION = YES;
				GCC_WARN_UNUSED_VARIABLE = YES;
				IPHONEOS_DEPLOYMENT_TARGET = 26.0;
				LOCALIZATION_PREFERS_STRING_CATALOGS = YES;
				MTL_ENABLE_DEBUG_INFO = INCLUDE_SOURCE;
				MTL_FAST_MATH = YES;
				ONLY_ACTIVE_ARCH = YES;
				SDKROOT = iphoneos;
				STRING_CATALOG_GENERATE_SYMBOLS = YES;
				SWIFT_ACTIVE_COMPILATION_CONDITIONS = "DEBUG $(inherited)";
				SWIFT_OPTIMIZATION_LEVEL = "-Onone";
			};
			name = Debug;
		};
		C89A84D12EB138170074B855 /* Release configuration for PBXProject "RealRehabPractice" */ = {
			isa = XCBuildConfiguration;
			buildSettings = {
				ALWAYS_SEARCH_USER_PATHS = NO;
				ASSETCATALOG_COMPILER_GENERATE_SWIFT_ASSET_SYMBOL_EXTENSIONS = YES;
				CLANG_ANALYZER_NONNULL = YES;
				CLANG_ANALYZER_NUMBER_OBJECT_CONVERSION = YES_AGGRESSIVE;
				CLANG_CXX_LANGUAGE_STANDARD = "gnu++20";
				CLANG_ENABLE_MODULES = YES;
				CLANG_ENABLE_OBJC_ARC = YES;
				CLANG_ENABLE_OBJC_WEAK = YES;
				CLANG_WARN_BLOCK_CAPTURE_AUTORELEASING = YES;
				CLANG_WARN_BOOL_CONVERSION = YES;
				CLANG_WARN_COMMA = YES;
				CLANG_WARN_CONSTANT_CONVERSION = YES;
				CLANG_WARN_DEPRECATED_OBJC_IMPLEMENTATIONS = YES;
				CLANG_WARN_DIRECT_OBJC_ISA_USAGE = YES_ERROR;
				CLANG_WARN_DOCUMENTATION_COMMENTS = YES;
				CLANG_WARN_EMPTY_BODY = YES;
				CLANG_WARN_ENUM_CONVERSION = YES;
				CLANG_WARN_INFINITE_RECURSION = YES;
				CLANG_WARN_INT_CONVERSION = YES;
				CLANG_WARN_NON_LITERAL_NULL_CONVERSION = YES;
				CLANG_WARN_OBJC_IMPLICIT_RETAIN_SELF = YES;
				CLANG_WARN_OBJC_LITERAL_CONVERSION = YES;
				CLANG_WARN_OBJC_ROOT_CLASS = YES_ERROR;
				CLANG_WARN_QUOTED_INCLUDE_IN_FRAMEWORK_HEADER = YES;
				CLANG_WARN_RANGE_LOOP_ANALYSIS = YES;
				CLANG_WARN_STRICT_PROTOTYPES = YES;
				CLANG_WARN_SUSPICIOUS_MOVE = YES;
				CLANG_WARN_UNGUARDED_AVAILABILITY = YES_AGGRESSIVE;
				CLANG_WARN_UNREACHABLE_CODE = YES;
				CLANG_WARN__DUPLICATE_METHOD_MATCH = YES;
				COPY_PHASE_STRIP = NO;
				DEBUG_INFORMATION_FORMAT = "dwarf-with-dsym";
				ENABLE_NS_ASSERTIONS = NO;
				ENABLE_STRICT_OBJC_MSGSEND = YES;
				ENABLE_USER_SCRIPT_SANDBOXING = YES;
				GCC_C_LANGUAGE_STANDARD = gnu17;
				GCC_NO_COMMON_BLOCKS = YES;
				GCC_WARN_64_TO_32_BIT_CONVERSION = YES;
				GCC_WARN_ABOUT_RETURN_TYPE = YES_ERROR;
				GCC_WARN_UNDECLARED_SELECTOR = YES;
				GCC_WARN_UNINITIALIZED_AUTOS = YES_AGGRESSIVE;
				GCC_WARN_UNUSED_FUNCTION = YES;
				GCC_WARN_UNUSED_VARIABLE = YES;
				IPHONEOS_DEPLOYMENT_TARGET = 26.0;
				LOCALIZATION_PREFERS_STRING_CATALOGS = YES;
				MTL_ENABLE_DEBUG_INFO = NO;
				MTL_FAST_MATH = YES;
				SDKROOT = iphoneos;
				STRING_CATALOG_GENERATE_SYMBOLS = YES;
				SWIFT_COMPILATION_MODE = wholemodule;
				VALIDATE_PRODUCT = YES;
			};
			name = Release;
		};
		C89A84D32EB138170074B855 /* Debug configuration for PBXNativeTarget "RealRehabPractice" */ = {
			isa = XCBuildConfiguration;
			buildSettings = {
				ASSETCATALOG_COMPILER_APPICON_NAME = AppIcon;
				ASSETCATALOG_COMPILER_GLOBAL_ACCENT_COLOR_NAME = AccentColor;
				ASSETCATALOG_COMPILER_INCLUDE_ALL_APPICON_ASSETS = NO;
				CLANG_ENABLE_MODULES = YES;
				CODE_SIGN_STYLE = Automatic;
				CURRENT_PROJECT_VERSION = 1;
				DEVELOPMENT_TEAM = 87Q5X6P55P;
				ENABLE_PREVIEWS = YES;
				GENERATE_INFOPLIST_FILE = NO;
				INFOPLIST_FILE = info.plist;
				IPHONEOS_DEPLOYMENT_TARGET = 18.0;
				LD_RUNPATH_SEARCH_PATHS = (
					"$(inherited)",
					"@executable_path/Frameworks",
				);
				MARKETING_VERSION = 1.0;
				PRODUCT_BUNDLE_IDENTIFIER = com.sean.RealRehabPractice;
				PRODUCT_NAME = "$(TARGET_NAME)";
				STRING_CATALOG_GENERATE_SYMBOLS = YES;
				SWIFT_APPROACHABLE_CONCURRENCY = YES;
				SWIFT_DEFAULT_ACTOR_ISOLATION = MainActor;
				SWIFT_EMIT_LOC_STRINGS = YES;
				SWIFT_OPTIMIZATION_LEVEL = "-Onone";
				SWIFT_UPCOMING_FEATURE_MEMBER_IMPORT_VISIBILITY = YES;
				SWIFT_VERSION = 5.0;
				TARGETED_DEVICE_FAMILY = "1,2";
			};
			name = Debug;
		};
		C89A84D42EB138170074B855 /* Release configuration for PBXNativeTarget "RealRehabPractice" */ = {
			isa = XCBuildConfiguration;
			buildSettings = {
				ASSETCATALOG_COMPILER_APPICON_NAME = AppIcon;
				ASSETCATALOG_COMPILER_GLOBAL_ACCENT_COLOR_NAME = AccentColor;
				ASSETCATALOG_COMPILER_INCLUDE_ALL_APPICON_ASSETS = NO;
				CLANG_ENABLE_MODULES = YES;
				CODE_SIGN_STYLE = Automatic;
				CURRENT_PROJECT_VERSION = 1;
				DEVELOPMENT_TEAM = 87Q5X6P55P;
				ENABLE_PREVIEWS = YES;
				GENERATE_INFOPLIST_FILE = NO;
				INFOPLIST_FILE = info.plist;
				IPHONEOS_DEPLOYMENT_TARGET = 18.0;
				LD_RUNPATH_SEARCH_PATHS = (
					"$(inherited)",
					"@executable_path/Frameworks",
				);
				MARKETING_VERSION = 1.0;
				PRODUCT_BUNDLE_IDENTIFIER = com.sean.RealRehabPractice;
				PRODUCT_NAME = "$(TARGET_NAME)";
				STRING_CATALOG_GENERATE_SYMBOLS = YES;
				SWIFT_APPROACHABLE_CONCURRENCY = YES;
				SWIFT_DEFAULT_ACTOR_ISOLATION = MainActor;
				SWIFT_EMIT_LOC_STRINGS = YES;
				SWIFT_UPCOMING_FEATURE_MEMBER_IMPORT_VISIBILITY = YES;
				SWIFT_VERSION = 5.0;
				TARGETED_DEVICE_FAMILY = "1,2";
			};
			name = Release;
		};
		C89A84D62EB138170074B855 /* Debug configuration for PBXNativeTarget "RealRehabPracticeTests" */ = {
			isa = XCBuildConfiguration;
			buildSettings = {
				BUNDLE_LOADER = "$(TEST_HOST)";
				CODE_SIGN_STYLE = Automatic;
				CURRENT_PROJECT_VERSION = 1;
				GENERATE_INFOPLIST_FILE = YES;
				IPHONEOS_DEPLOYMENT_TARGET = 26.0;
				MARKETING_VERSION = 1.0;
				PRODUCT_BUNDLE_IDENTIFIER = com.sean.RealRehabPracticeTests;
				PRODUCT_NAME = "$(TARGET_NAME)";
				STRING_CATALOG_GENERATE_SYMBOLS = NO;
				SWIFT_APPROACHABLE_CONCURRENCY = YES;
				SWIFT_EMIT_LOC_STRINGS = NO;
				SWIFT_UPCOMING_FEATURE_MEMBER_IMPORT_VISIBILITY = YES;
				SWIFT_VERSION = 5.0;
				TARGETED_DEVICE_FAMILY = "1,2";
				TEST_HOST = "$(BUILT_PRODUCTS_DIR)/RealRehabPractice.app/$(BUNDLE_EXECUTABLE_FOLDER_PATH)/RealRehabPractice";
			};
			name = Debug;
		};
		C89A84D72EB138170074B855 /* Release configuration for PBXNativeTarget "RealRehabPracticeTests" */ = {
			isa = XCBuildConfiguration;
			buildSettings = {
				BUNDLE_LOADER = "$(TEST_HOST)";
				CODE_SIGN_STYLE = Automatic;
				CURRENT_PROJECT_VERSION = 1;
				GENERATE_INFOPLIST_FILE = YES;
				IPHONEOS_DEPLOYMENT_TARGET = 26.0;
				MARKETING_VERSION = 1.0;
				PRODUCT_BUNDLE_IDENTIFIER = com.sean.RealRehabPracticeTests;
				PRODUCT_NAME = "$(TARGET_NAME)";
				STRING_CATALOG_GENERATE_SYMBOLS = NO;
				SWIFT_APPROACHABLE_CONCURRENCY = YES;
				SWIFT_EMIT_LOC_STRINGS = NO;
				SWIFT_UPCOMING_FEATURE_MEMBER_IMPORT_VISIBILITY = YES;
				SWIFT_VERSION = 5.0;
				TARGETED_DEVICE_FAMILY = "1,2";
				TEST_HOST = "$(BUILT_PRODUCTS_DIR)/RealRehabPractice.app/$(BUNDLE_EXECUTABLE_FOLDER_PATH)/RealRehabPractice";
			};
			name = Release;
		};
		C89A84D92EB138170074B855 /* Debug configuration for PBXNativeTarget "RealRehabPracticeUITests" */ = {
			isa = XCBuildConfiguration;
			buildSettings = {
				CODE_SIGN_STYLE = Automatic;
				CURRENT_PROJECT_VERSION = 1;
				GENERATE_INFOPLIST_FILE = YES;
				MARKETING_VERSION = 1.0;
				PRODUCT_BUNDLE_IDENTIFIER = com.sean.RealRehabPracticeUITests;
				PRODUCT_NAME = "$(TARGET_NAME)";
				STRING_CATALOG_GENERATE_SYMBOLS = NO;
				SWIFT_APPROACHABLE_CONCURRENCY = YES;
				SWIFT_EMIT_LOC_STRINGS = NO;
				SWIFT_UPCOMING_FEATURE_MEMBER_IMPORT_VISIBILITY = YES;
				SWIFT_VERSION = 5.0;
				TARGETED_DEVICE_FAMILY = "1,2";
				TEST_TARGET_NAME = RealRehabPractice;
			};
			name = Debug;
		};
		C89A84DA2EB138170074B855 /* Release configuration for PBXNativeTarget "RealRehabPracticeUITests" */ = {
			isa = XCBuildConfiguration;
			buildSettings = {
				CODE_SIGN_STYLE = Automatic;
				CURRENT_PROJECT_VERSION = 1;
				GENERATE_INFOPLIST_FILE = YES;
				MARKETING_VERSION = 1.0;
				PRODUCT_BUNDLE_IDENTIFIER = com.sean.RealRehabPracticeUITests;
				PRODUCT_NAME = "$(TARGET_NAME)";
				STRING_CATALOG_GENERATE_SYMBOLS = NO;
				SWIFT_APPROACHABLE_CONCURRENCY = YES;
				SWIFT_EMIT_LOC_STRINGS = NO;
				SWIFT_UPCOMING_FEATURE_MEMBER_IMPORT_VISIBILITY = YES;
				SWIFT_VERSION = 5.0;
				TARGETED_DEVICE_FAMILY = "1,2";
				TEST_TARGET_NAME = RealRehabPractice;
			};
			name = Release;
		};
/* End XCBuildConfiguration section */

/* Begin XCConfigurationList section */
		C89A84AC2EB138150074B855 /* Build configuration list for PBXProject "RealRehabPractice" */ = {
			isa = XCConfigurationList;
			buildConfigurations = (
				C89A84D02EB138170074B855 /* Debug configuration for PBXProject "RealRehabPractice" */,
				C89A84D12EB138170074B855 /* Release configuration for PBXProject "RealRehabPractice" */,
			);
			defaultConfigurationName = Release;
		};
		C89A84D22EB138170074B855 /* Build configuration list for PBXNativeTarget "RealRehabPractice" */ = {
			isa = XCConfigurationList;
			buildConfigurations = (
				C89A84D32EB138170074B855 /* Debug configuration for PBXNativeTarget "RealRehabPractice" */,
				C89A84D42EB138170074B855 /* Release configuration for PBXNativeTarget "RealRehabPractice" */,
			);
			defaultConfigurationName = Release;
		};
		C89A84D52EB138170074B855 /* Build configuration list for PBXNativeTarget "RealRehabPracticeTests" */ = {
			isa = XCConfigurationList;
			buildConfigurations = (
				C89A84D62EB138170074B855 /* Debug configuration for PBXNativeTarget "RealRehabPracticeTests" */,
				C89A84D72EB138170074B855 /* Release configuration for PBXNativeTarget "RealRehabPracticeTests" */,
			);
			defaultConfigurationName = Release;
		};
		C89A84D82EB138170074B855 /* Build configuration list for PBXNativeTarget "RealRehabPracticeUITests" */ = {
			isa = XCConfigurationList;
			buildConfigurations = (
				C89A84D92EB138170074B855 /* Debug configuration for PBXNativeTarget "RealRehabPracticeUITests" */,
				C89A84DA2EB138170074B855 /* Release configuration for PBXNativeTarget "RealRehabPracticeUITests" */,
			);
			defaultConfigurationName = Release;
		};
/* End XCConfigurationList section */

/* Begin XCRemoteSwiftPackageReference section */
		C8003FAB2EB441F1008DC812 /* XCRemoteSwiftPackageReference "supabase-swift" */ = {
			isa = XCRemoteSwiftPackageReference;
			repositoryURL = "https://github.com/supabase-community/supabase-swift";
			requirement = {
				kind = upToNextMajorVersion;
				minimumVersion = 2.5.1;
			};
		};
/* End XCRemoteSwiftPackageReference section */

/* Begin XCSwiftPackageProductDependency section */
		C8003FAC2EB441F1008DC812 /* Supabase */ = {
			isa = XCSwiftPackageProductDependency;
			package = C8003FAB2EB441F1008DC812 /* XCRemoteSwiftPackageReference "supabase-swift" */;
			productName = Supabase;
		};
/* End XCSwiftPackageProductDependency section */
	};
	rootObject = C89A84A92EB138150074B855 /* Project object */;
}
